// !$*UTF8*$!
{
	archiveVersion = 1;
	classes = {
	};
	objectVersion = 46;
	objects = {

/* Begin PBXBuildFile section */
		0DF8DBC382B3836BAF4358E5 /* libPods-CodeconomyUITests.a in Frameworks */ = {isa = PBXBuildFile; fileRef = 3C22C3B36B1CC2ABA2A8B31C /* libPods-CodeconomyUITests.a */; };
		3D5EB5041E50FE3A00E67C91 /* ProfileViewController.m in Sources */ = {isa = PBXBuildFile; fileRef = 3D5EB5031E50FE3A00E67C91 /* ProfileViewController.m */; };
		3D5EB5091E5105BB00E67C91 /* Util.m in Sources */ = {isa = PBXBuildFile; fileRef = 3D5EB5081E5105BB00E67C91 /* Util.m */; };
		3D5EB50C1E51078B00E67C91 /* ProfileTile.m in Sources */ = {isa = PBXBuildFile; fileRef = 3D5EB50B1E51078B00E67C91 /* ProfileTile.m */; };
		3DE3CD2D1E47D8BB007EEC70 /* main.m in Sources */ = {isa = PBXBuildFile; fileRef = 3DE3CD2C1E47D8BB007EEC70 /* main.m */; };
		3DE3CD301E47D8BB007EEC70 /* AppDelegate.m in Sources */ = {isa = PBXBuildFile; fileRef = 3DE3CD2F1E47D8BB007EEC70 /* AppDelegate.m */; };
		3DE3CD331E47D8BB007EEC70 /* ExploreViewController.m in Sources */ = {isa = PBXBuildFile; fileRef = 3DE3CD321E47D8BB007EEC70 /* ExploreViewController.m */; };
		3DE3CD381E47D8BB007EEC70 /* Assets.xcassets in Resources */ = {isa = PBXBuildFile; fileRef = 3DE3CD371E47D8BB007EEC70 /* Assets.xcassets */; };
		3DE3CD3B1E47D8BB007EEC70 /* LaunchScreen.storyboard in Resources */ = {isa = PBXBuildFile; fileRef = 3DE3CD391E47D8BB007EEC70 /* LaunchScreen.storyboard */; };
		3DE3CD461E47D8BB007EEC70 /* CodeconomyTests.m in Sources */ = {isa = PBXBuildFile; fileRef = 3DE3CD451E47D8BB007EEC70 /* CodeconomyTests.m */; };
		3DE3CD511E47D8BB007EEC70 /* CodeconomyUITests.m in Sources */ = {isa = PBXBuildFile; fileRef = 3DE3CD501E47D8BB007EEC70 /* CodeconomyUITests.m */; };
		70B69ECCCB31F939AE6252CC /* libPods-Codeconomy.a in Frameworks */ = {isa = PBXBuildFile; fileRef = E102B6DBB4550FB6BEF76C9D /* libPods-Codeconomy.a */; };
		D75D56D1B66D404DF703CA25 /* libPods-CodeconomyTests.a in Frameworks */ = {isa = PBXBuildFile; fileRef = 9DBBC529DAA11BFB8CFC37BA /* libPods-CodeconomyTests.a */; };
/* End PBXBuildFile section */

/* Begin PBXContainerItemProxy section */
		3DE3CD421E47D8BB007EEC70 /* PBXContainerItemProxy */ = {
			isa = PBXContainerItemProxy;
			containerPortal = 3DE3CD201E47D8BB007EEC70 /* Project object */;
			proxyType = 1;
			remoteGlobalIDString = 3DE3CD271E47D8BB007EEC70;
			remoteInfo = Codeconomy;
		};
		3DE3CD4D1E47D8BB007EEC70 /* PBXContainerItemProxy */ = {
			isa = PBXContainerItemProxy;
			containerPortal = 3DE3CD201E47D8BB007EEC70 /* Project object */;
			proxyType = 1;
			remoteGlobalIDString = 3DE3CD271E47D8BB007EEC70;
			remoteInfo = Codeconomy;
		};
/* End PBXContainerItemProxy section */

/* Begin PBXFileReference section */
		19D902E1EB4A817DD6278DF0 /* Pods-Codeconomy.debug.xcconfig */ = {isa = PBXFileReference; includeInIndex = 1; lastKnownFileType = text.xcconfig; name = "Pods-Codeconomy.debug.xcconfig"; path = "Pods/Target Support Files/Pods-Codeconomy/Pods-Codeconomy.debug.xcconfig"; sourceTree = "<group>"; };
		3C22C3B36B1CC2ABA2A8B31C /* libPods-CodeconomyUITests.a */ = {isa = PBXFileReference; explicitFileType = archive.ar; includeInIndex = 0; path = "libPods-CodeconomyUITests.a"; sourceTree = BUILT_PRODUCTS_DIR; };
		3D5EB5021E50FE3A00E67C91 /* ProfileViewController.h */ = {isa = PBXFileReference; fileEncoding = 4; lastKnownFileType = sourcecode.c.h; path = ProfileViewController.h; sourceTree = "<group>"; };
		3D5EB5031E50FE3A00E67C91 /* ProfileViewController.m */ = {isa = PBXFileReference; fileEncoding = 4; lastKnownFileType = sourcecode.c.objc; path = ProfileViewController.m; sourceTree = "<group>"; };
		3D5EB5071E5105BB00E67C91 /* Util.h */ = {isa = PBXFileReference; fileEncoding = 4; lastKnownFileType = sourcecode.c.h; path = Util.h; sourceTree = "<group>"; };
		3D5EB5081E5105BB00E67C91 /* Util.m */ = {isa = PBXFileReference; fileEncoding = 4; lastKnownFileType = sourcecode.c.objc; path = Util.m; sourceTree = "<group>"; };
		3D5EB50A1E51078B00E67C91 /* ProfileTile.h */ = {isa = PBXFileReference; fileEncoding = 4; lastKnownFileType = sourcecode.c.h; path = ProfileTile.h; sourceTree = "<group>"; };
		3D5EB50B1E51078B00E67C91 /* ProfileTile.m */ = {isa = PBXFileReference; fileEncoding = 4; lastKnownFileType = sourcecode.c.objc; path = ProfileTile.m; sourceTree = "<group>"; };
		3DE3CD281E47D8BB007EEC70 /* Codeconomy.app */ = {isa = PBXFileReference; explicitFileType = wrapper.application; includeInIndex = 0; path = Codeconomy.app; sourceTree = BUILT_PRODUCTS_DIR; };
		3DE3CD2C1E47D8BB007EEC70 /* main.m */ = {isa = PBXFileReference; lastKnownFileType = sourcecode.c.objc; path = main.m; sourceTree = "<group>"; };
		3DE3CD2E1E47D8BB007EEC70 /* AppDelegate.h */ = {isa = PBXFileReference; lastKnownFileType = sourcecode.c.h; path = AppDelegate.h; sourceTree = "<group>"; };
		3DE3CD2F1E47D8BB007EEC70 /* AppDelegate.m */ = {isa = PBXFileReference; lastKnownFileType = sourcecode.c.objc; path = AppDelegate.m; sourceTree = "<group>"; };
		3DE3CD311E47D8BB007EEC70 /* ExploreViewController.h */ = {isa = PBXFileReference; lastKnownFileType = sourcecode.c.h; path = ExploreViewController.h; sourceTree = "<group>"; };
		3DE3CD321E47D8BB007EEC70 /* ExploreViewController.m */ = {isa = PBXFileReference; lastKnownFileType = sourcecode.c.objc; path = ExploreViewController.m; sourceTree = "<group>"; };
		3DE3CD371E47D8BB007EEC70 /* Assets.xcassets */ = {isa = PBXFileReference; lastKnownFileType = folder.assetcatalog; path = Assets.xcassets; sourceTree = "<group>"; };
		3DE3CD3A1E47D8BB007EEC70 /* Base */ = {isa = PBXFileReference; lastKnownFileType = file.storyboard; name = Base; path = Base.lproj/LaunchScreen.storyboard; sourceTree = "<group>"; };
		3DE3CD3C1E47D8BB007EEC70 /* Info.plist */ = {isa = PBXFileReference; lastKnownFileType = text.plist.xml; path = Info.plist; sourceTree = "<group>"; };
		3DE3CD411E47D8BB007EEC70 /* CodeconomyTests.xctest */ = {isa = PBXFileReference; explicitFileType = wrapper.cfbundle; includeInIndex = 0; path = CodeconomyTests.xctest; sourceTree = BUILT_PRODUCTS_DIR; };
		3DE3CD451E47D8BB007EEC70 /* CodeconomyTests.m */ = {isa = PBXFileReference; lastKnownFileType = sourcecode.c.objc; path = CodeconomyTests.m; sourceTree = "<group>"; };
		3DE3CD471E47D8BB007EEC70 /* Info.plist */ = {isa = PBXFileReference; lastKnownFileType = text.plist.xml; path = Info.plist; sourceTree = "<group>"; };
		3DE3CD4C1E47D8BB007EEC70 /* CodeconomyUITests.xctest */ = {isa = PBXFileReference; explicitFileType = wrapper.cfbundle; includeInIndex = 0; path = CodeconomyUITests.xctest; sourceTree = BUILT_PRODUCTS_DIR; };
		3DE3CD501E47D8BB007EEC70 /* CodeconomyUITests.m */ = {isa = PBXFileReference; lastKnownFileType = sourcecode.c.objc; path = CodeconomyUITests.m; sourceTree = "<group>"; };
		3DE3CD521E47D8BB007EEC70 /* Info.plist */ = {isa = PBXFileReference; lastKnownFileType = text.plist.xml; path = Info.plist; sourceTree = "<group>"; };
		5F66D1A68C6DE95F8FA13750 /* Pods-CodeconomyTests.release.xcconfig */ = {isa = PBXFileReference; includeInIndex = 1; lastKnownFileType = text.xcconfig; name = "Pods-CodeconomyTests.release.xcconfig"; path = "Pods/Target Support Files/Pods-CodeconomyTests/Pods-CodeconomyTests.release.xcconfig"; sourceTree = "<group>"; };
		8DA1266931BD3FC4F602132A /* Pods-CodeconomyUITests.release.xcconfig */ = {isa = PBXFileReference; includeInIndex = 1; lastKnownFileType = text.xcconfig; name = "Pods-CodeconomyUITests.release.xcconfig"; path = "Pods/Target Support Files/Pods-CodeconomyUITests/Pods-CodeconomyUITests.release.xcconfig"; sourceTree = "<group>"; };
		9DBBC529DAA11BFB8CFC37BA /* libPods-CodeconomyTests.a */ = {isa = PBXFileReference; explicitFileType = archive.ar; includeInIndex = 0; path = "libPods-CodeconomyTests.a"; sourceTree = BUILT_PRODUCTS_DIR; };
		B2D2A2AE31CBA31A735C5F92 /* Pods-CodeconomyUITests.debug.xcconfig */ = {isa = PBXFileReference; includeInIndex = 1; lastKnownFileType = text.xcconfig; name = "Pods-CodeconomyUITests.debug.xcconfig"; path = "Pods/Target Support Files/Pods-CodeconomyUITests/Pods-CodeconomyUITests.debug.xcconfig"; sourceTree = "<group>"; };
		E102B6DBB4550FB6BEF76C9D /* libPods-Codeconomy.a */ = {isa = PBXFileReference; explicitFileType = archive.ar; includeInIndex = 0; path = "libPods-Codeconomy.a"; sourceTree = BUILT_PRODUCTS_DIR; };
		EC961AC81802BD29514D71D4 /* Pods-CodeconomyTests.debug.xcconfig */ = {isa = PBXFileReference; includeInIndex = 1; lastKnownFileType = text.xcconfig; name = "Pods-CodeconomyTests.debug.xcconfig"; path = "Pods/Target Support Files/Pods-CodeconomyTests/Pods-CodeconomyTests.debug.xcconfig"; sourceTree = "<group>"; };
		F59145BBC6B9DD770C00BA04 /* Pods-Codeconomy.release.xcconfig */ = {isa = PBXFileReference; includeInIndex = 1; lastKnownFileType = text.xcconfig; name = "Pods-Codeconomy.release.xcconfig"; path = "Pods/Target Support Files/Pods-Codeconomy/Pods-Codeconomy.release.xcconfig"; sourceTree = "<group>"; };
/* End PBXFileReference section */

/* Begin PBXFrameworksBuildPhase section */
		3DE3CD251E47D8BB007EEC70 /* Frameworks */ = {
			isa = PBXFrameworksBuildPhase;
			buildActionMask = 2147483647;
			files = (
				70B69ECCCB31F939AE6252CC /* libPods-Codeconomy.a in Frameworks */,
			);
			runOnlyForDeploymentPostprocessing = 0;
		};
		3DE3CD3E1E47D8BB007EEC70 /* Frameworks */ = {
			isa = PBXFrameworksBuildPhase;
			buildActionMask = 2147483647;
			files = (
				D75D56D1B66D404DF703CA25 /* libPods-CodeconomyTests.a in Frameworks */,
			);
			runOnlyForDeploymentPostprocessing = 0;
		};
		3DE3CD491E47D8BB007EEC70 /* Frameworks */ = {
			isa = PBXFrameworksBuildPhase;
			buildActionMask = 2147483647;
			files = (
				0DF8DBC382B3836BAF4358E5 /* libPods-CodeconomyUITests.a in Frameworks */,
			);
			runOnlyForDeploymentPostprocessing = 0;
		};
/* End PBXFrameworksBuildPhase section */

/* Begin PBXGroup section */
		3D5EB5051E50FE4400E67C91 /* Profile */ = {
			isa = PBXGroup;
			children = (
				3D5EB5021E50FE3A00E67C91 /* ProfileViewController.h */,
				3D5EB5031E50FE3A00E67C91 /* ProfileViewController.m */,
				3D5EB50A1E51078B00E67C91 /* ProfileTile.h */,
				3D5EB50B1E51078B00E67C91 /* ProfileTile.m */,
			);
			name = Profile;
			sourceTree = "<group>";
		};
		3D5EB5061E50FF7500E67C91 /* Explore */ = {
			isa = PBXGroup;
			children = (
				3DE3CD311E47D8BB007EEC70 /* ExploreViewController.h */,
				3DE3CD321E47D8BB007EEC70 /* ExploreViewController.m */,
			);
			name = Explore;
			sourceTree = "<group>";
		};
		3D5EB50D1E51079900E67C91 /* Shared */ = {
			isa = PBXGroup;
			children = (
				3D5EB5071E5105BB00E67C91 /* Util.h */,
				3D5EB5081E5105BB00E67C91 /* Util.m */,
			);
			name = Shared;
			sourceTree = "<group>";
		};
		3DE3CD1F1E47D8BB007EEC70 = {
			isa = PBXGroup;
			children = (
				3DE3CD2A1E47D8BB007EEC70 /* Codeconomy */,
				3DE3CD441E47D8BB007EEC70 /* CodeconomyTests */,
				3DE3CD4F1E47D8BB007EEC70 /* CodeconomyUITests */,
				3DE3CD291E47D8BB007EEC70 /* Products */,
				E916B055FF19319BF11D6D90 /* Pods */,
				E518FE8D8BE125383E265520 /* Frameworks */,
			);
			sourceTree = "<group>";
		};
		3DE3CD291E47D8BB007EEC70 /* Products */ = {
			isa = PBXGroup;
			children = (
				3DE3CD281E47D8BB007EEC70 /* Codeconomy.app */,
				3DE3CD411E47D8BB007EEC70 /* CodeconomyTests.xctest */,
				3DE3CD4C1E47D8BB007EEC70 /* CodeconomyUITests.xctest */,
			);
			name = Products;
			sourceTree = "<group>";
		};
		3DE3CD2A1E47D8BB007EEC70 /* Codeconomy */ = {
			isa = PBXGroup;
			children = (
				3DE3CD2E1E47D8BB007EEC70 /* AppDelegate.h */,
				3DE3CD2F1E47D8BB007EEC70 /* AppDelegate.m */,
				3D5EB5061E50FF7500E67C91 /* Explore */,
				3D5EB5051E50FE4400E67C91 /* Profile */,
				3D5EB50D1E51079900E67C91 /* Shared */,
				3DE3CD371E47D8BB007EEC70 /* Assets.xcassets */,
				3DE3CD391E47D8BB007EEC70 /* LaunchScreen.storyboard */,
				3DE3CD3C1E47D8BB007EEC70 /* Info.plist */,
				3DE3CD2B1E47D8BB007EEC70 /* Supporting Files */,
			);
			path = Codeconomy;
			sourceTree = "<group>";
		};
		3DE3CD2B1E47D8BB007EEC70 /* Supporting Files */ = {
			isa = PBXGroup;
			children = (
				3DE3CD2C1E47D8BB007EEC70 /* main.m */,
			);
			name = "Supporting Files";
			sourceTree = "<group>";
		};
		3DE3CD441E47D8BB007EEC70 /* CodeconomyTests */ = {
			isa = PBXGroup;
			children = (
				3DE3CD451E47D8BB007EEC70 /* CodeconomyTests.m */,
				3DE3CD471E47D8BB007EEC70 /* Info.plist */,
			);
			path = CodeconomyTests;
			sourceTree = "<group>";
		};
		3DE3CD4F1E47D8BB007EEC70 /* CodeconomyUITests */ = {
			isa = PBXGroup;
			children = (
				3DE3CD501E47D8BB007EEC70 /* CodeconomyUITests.m */,
				3DE3CD521E47D8BB007EEC70 /* Info.plist */,
			);
			path = CodeconomyUITests;
			sourceTree = "<group>";
		};
		E518FE8D8BE125383E265520 /* Frameworks */ = {
			isa = PBXGroup;
			children = (
				E102B6DBB4550FB6BEF76C9D /* libPods-Codeconomy.a */,
				9DBBC529DAA11BFB8CFC37BA /* libPods-CodeconomyTests.a */,
				3C22C3B36B1CC2ABA2A8B31C /* libPods-CodeconomyUITests.a */,
			);
			name = Frameworks;
			sourceTree = "<group>";
		};
		E916B055FF19319BF11D6D90 /* Pods */ = {
			isa = PBXGroup;
			children = (
				19D902E1EB4A817DD6278DF0 /* Pods-Codeconomy.debug.xcconfig */,
				F59145BBC6B9DD770C00BA04 /* Pods-Codeconomy.release.xcconfig */,
				EC961AC81802BD29514D71D4 /* Pods-CodeconomyTests.debug.xcconfig */,
				5F66D1A68C6DE95F8FA13750 /* Pods-CodeconomyTests.release.xcconfig */,
				B2D2A2AE31CBA31A735C5F92 /* Pods-CodeconomyUITests.debug.xcconfig */,
				8DA1266931BD3FC4F602132A /* Pods-CodeconomyUITests.release.xcconfig */,
			);
			name = Pods;
			sourceTree = "<group>";
		};
/* End PBXGroup section */

/* Begin PBXNativeTarget section */
		3DE3CD271E47D8BB007EEC70 /* Codeconomy */ = {
			isa = PBXNativeTarget;
			buildConfigurationList = 3DE3CD551E47D8BB007EEC70 /* Build configuration list for PBXNativeTarget "Codeconomy" */;
			buildPhases = (
				598FB8DEB3B29CA7F711A671 /* [CP] Check Pods Manifest.lock */,
				3DE3CD241E47D8BB007EEC70 /* Sources */,
				3DE3CD251E47D8BB007EEC70 /* Frameworks */,
				3DE3CD261E47D8BB007EEC70 /* Resources */,
				B56DE35EA8A76AE66A371930 /* [CP] Embed Pods Frameworks */,
				5372845C84A8832650B70917 /* [CP] Copy Pods Resources */,
			);
			buildRules = (
			);
			dependencies = (
			);
			name = Codeconomy;
			productName = Codeconomy;
			productReference = 3DE3CD281E47D8BB007EEC70 /* Codeconomy.app */;
			productType = "com.apple.product-type.application";
		};
		3DE3CD401E47D8BB007EEC70 /* CodeconomyTests */ = {
			isa = PBXNativeTarget;
			buildConfigurationList = 3DE3CD581E47D8BB007EEC70 /* Build configuration list for PBXNativeTarget "CodeconomyTests" */;
			buildPhases = (
				8EBCB0EC87ECE6C592C24517 /* [CP] Check Pods Manifest.lock */,
				3DE3CD3D1E47D8BB007EEC70 /* Sources */,
				3DE3CD3E1E47D8BB007EEC70 /* Frameworks */,
				3DE3CD3F1E47D8BB007EEC70 /* Resources */,
				E8B6384188B0249F60230A2D /* [CP] Embed Pods Frameworks */,
				ACE0AA48D3F369580BDC59F8 /* [CP] Copy Pods Resources */,
			);
			buildRules = (
			);
			dependencies = (
				3DE3CD431E47D8BB007EEC70 /* PBXTargetDependency */,
			);
			name = CodeconomyTests;
			productName = CodeconomyTests;
			productReference = 3DE3CD411E47D8BB007EEC70 /* CodeconomyTests.xctest */;
			productType = "com.apple.product-type.bundle.unit-test";
		};
		3DE3CD4B1E47D8BB007EEC70 /* CodeconomyUITests */ = {
			isa = PBXNativeTarget;
			buildConfigurationList = 3DE3CD5B1E47D8BB007EEC70 /* Build configuration list for PBXNativeTarget "CodeconomyUITests" */;
			buildPhases = (
				5EDE0B1420EEF29B05B212AD /* [CP] Check Pods Manifest.lock */,
				3DE3CD481E47D8BB007EEC70 /* Sources */,
				3DE3CD491E47D8BB007EEC70 /* Frameworks */,
				3DE3CD4A1E47D8BB007EEC70 /* Resources */,
				1E3FCA4C2B335E0F08C6D84D /* [CP] Embed Pods Frameworks */,
				0153BE0CE286EF5CCEC90494 /* [CP] Copy Pods Resources */,
			);
			buildRules = (
			);
			dependencies = (
				3DE3CD4E1E47D8BB007EEC70 /* PBXTargetDependency */,
			);
			name = CodeconomyUITests;
			productName = CodeconomyUITests;
			productReference = 3DE3CD4C1E47D8BB007EEC70 /* CodeconomyUITests.xctest */;
			productType = "com.apple.product-type.bundle.ui-testing";
		};
/* End PBXNativeTarget section */

/* Begin PBXProject section */
		3DE3CD201E47D8BB007EEC70 /* Project object */ = {
			isa = PBXProject;
			attributes = {
				LastUpgradeCheck = 0730;
				ORGANIZATIONNAME = Stanford;
				TargetAttributes = {
					3DE3CD271E47D8BB007EEC70 = {
						CreatedOnToolsVersion = 7.3;
					};
					3DE3CD401E47D8BB007EEC70 = {
						CreatedOnToolsVersion = 7.3;
						TestTargetID = 3DE3CD271E47D8BB007EEC70;
					};
					3DE3CD4B1E47D8BB007EEC70 = {
						CreatedOnToolsVersion = 7.3;
						TestTargetID = 3DE3CD271E47D8BB007EEC70;
					};
				};
			};
			buildConfigurationList = 3DE3CD231E47D8BB007EEC70 /* Build configuration list for PBXProject "Codeconomy" */;
			compatibilityVersion = "Xcode 3.2";
			developmentRegion = English;
			hasScannedForEncodings = 0;
			knownRegions = (
				en,
				Base,
			);
			mainGroup = 3DE3CD1F1E47D8BB007EEC70;
			productRefGroup = 3DE3CD291E47D8BB007EEC70 /* Products */;
			projectDirPath = "";
			projectRoot = "";
			targets = (
				3DE3CD271E47D8BB007EEC70 /* Codeconomy */,
				3DE3CD401E47D8BB007EEC70 /* CodeconomyTests */,
				3DE3CD4B1E47D8BB007EEC70 /* CodeconomyUITests */,
			);
		};
/* End PBXProject section */

/* Begin PBXResourcesBuildPhase section */
		3DE3CD261E47D8BB007EEC70 /* Resources */ = {
			isa = PBXResourcesBuildPhase;
			buildActionMask = 2147483647;
			files = (
				3DE3CD3B1E47D8BB007EEC70 /* LaunchScreen.storyboard in Resources */,
				3DE3CD381E47D8BB007EEC70 /* Assets.xcassets in Resources */,
			);
			runOnlyForDeploymentPostprocessing = 0;
		};
		3DE3CD3F1E47D8BB007EEC70 /* Resources */ = {
			isa = PBXResourcesBuildPhase;
			buildActionMask = 2147483647;
			files = (
			);
			runOnlyForDeploymentPostprocessing = 0;
		};
		3DE3CD4A1E47D8BB007EEC70 /* Resources */ = {
			isa = PBXResourcesBuildPhase;
			buildActionMask = 2147483647;
			files = (
			);
			runOnlyForDeploymentPostprocessing = 0;
		};
/* End PBXResourcesBuildPhase section */

/* Begin PBXShellScriptBuildPhase section */
		0153BE0CE286EF5CCEC90494 /* [CP] Copy Pods Resources */ = {
			isa = PBXShellScriptBuildPhase;
			buildActionMask = 2147483647;
			files = (
			);
			inputPaths = (
			);
			name = "[CP] Copy Pods Resources";
			outputPaths = (
			);
			runOnlyForDeploymentPostprocessing = 0;
			shellPath = /bin/sh;
			shellScript = "\"${SRCROOT}/Pods/Target Support Files/Pods-CodeconomyUITests/Pods-CodeconomyUITests-resources.sh\"\n";
			showEnvVarsInLog = 0;
		};
		1E3FCA4C2B335E0F08C6D84D /* [CP] Embed Pods Frameworks */ = {
			isa = PBXShellScriptBuildPhase;
			buildActionMask = 2147483647;
			files = (
			);
			inputPaths = (
			);
			name = "[CP] Embed Pods Frameworks";
			outputPaths = (
			);
			runOnlyForDeploymentPostprocessing = 0;
			shellPath = /bin/sh;
			shellScript = "\"${SRCROOT}/Pods/Target Support Files/Pods-CodeconomyUITests/Pods-CodeconomyUITests-frameworks.sh\"\n";
			showEnvVarsInLog = 0;
		};
		5372845C84A8832650B70917 /* [CP] Copy Pods Resources */ = {
			isa = PBXShellScriptBuildPhase;
			buildActionMask = 2147483647;
			files = (
			);
			inputPaths = (
			);
			name = "[CP] Copy Pods Resources";
			outputPaths = (
			);
			runOnlyForDeploymentPostprocessing = 0;
			shellPath = /bin/sh;
			shellScript = "\"${SRCROOT}/Pods/Target Support Files/Pods-Codeconomy/Pods-Codeconomy-resources.sh\"\n";
			showEnvVarsInLog = 0;
		};
		598FB8DEB3B29CA7F711A671 /* [CP] Check Pods Manifest.lock */ = {
			isa = PBXShellScriptBuildPhase;
			buildActionMask = 2147483647;
			files = (
			);
			inputPaths = (
			);
			name = "[CP] Check Pods Manifest.lock";
			outputPaths = (
			);
			runOnlyForDeploymentPostprocessing = 0;
			shellPath = /bin/sh;
			shellScript = "diff \"${PODS_ROOT}/../Podfile.lock\" \"${PODS_ROOT}/Manifest.lock\" > /dev/null\nif [ $? != 0 ] ; then\n    # print error to STDERR\n    echo \"error: The sandbox is not in sync with the Podfile.lock. Run 'pod install' or update your CocoaPods installation.\" >&2\n    exit 1\nfi\n";
			showEnvVarsInLog = 0;
		};
		5EDE0B1420EEF29B05B212AD /* [CP] Check Pods Manifest.lock */ = {
			isa = PBXShellScriptBuildPhase;
			buildActionMask = 2147483647;
			files = (
			);
			inputPaths = (
			);
			name = "[CP] Check Pods Manifest.lock";
			outputPaths = (
			);
			runOnlyForDeploymentPostprocessing = 0;
			shellPath = /bin/sh;
			shellScript = "diff \"${PODS_ROOT}/../Podfile.lock\" \"${PODS_ROOT}/Manifest.lock\" > /dev/null\nif [ $? != 0 ] ; then\n    # print error to STDERR\n    echo \"error: The sandbox is not in sync with the Podfile.lock. Run 'pod install' or update your CocoaPods installation.\" >&2\n    exit 1\nfi\n";
			showEnvVarsInLog = 0;
		};
		8EBCB0EC87ECE6C592C24517 /* [CP] Check Pods Manifest.lock */ = {
			isa = PBXShellScriptBuildPhase;
			buildActionMask = 2147483647;
			files = (
			);
			inputPaths = (
			);
			name = "[CP] Check Pods Manifest.lock";
			outputPaths = (
			);
			runOnlyForDeploymentPostprocessing = 0;
			shellPath = /bin/sh;
			shellScript = "diff \"${PODS_ROOT}/../Podfile.lock\" \"${PODS_ROOT}/Manifest.lock\" > /dev/null\nif [ $? != 0 ] ; then\n    # print error to STDERR\n    echo \"error: The sandbox is not in sync with the Podfile.lock. Run 'pod install' or update your CocoaPods installation.\" >&2\n    exit 1\nfi\n";
			showEnvVarsInLog = 0;
		};
		ACE0AA48D3F369580BDC59F8 /* [CP] Copy Pods Resources */ = {
			isa = PBXShellScriptBuildPhase;
			buildActionMask = 2147483647;
			files = (
			);
			inputPaths = (
			);
			name = "[CP] Copy Pods Resources";
			outputPaths = (
			);
			runOnlyForDeploymentPostprocessing = 0;
			shellPath = /bin/sh;
			shellScript = "\"${SRCROOT}/Pods/Target Support Files/Pods-CodeconomyTests/Pods-CodeconomyTests-resources.sh\"\n";
			showEnvVarsInLog = 0;
		};
		B56DE35EA8A76AE66A371930 /* [CP] Embed Pods Frameworks */ = {
			isa = PBXShellScriptBuildPhase;
			buildActionMask = 2147483647;
			files = (
			);
			inputPaths = (
			);
			name = "[CP] Embed Pods Frameworks";
			outputPaths = (
			);
			runOnlyForDeploymentPostprocessing = 0;
			shellPath = /bin/sh;
			shellScript = "\"${SRCROOT}/Pods/Target Support Files/Pods-Codeconomy/Pods-Codeconomy-frameworks.sh\"\n";
			showEnvVarsInLog = 0;
		};
		E8B6384188B0249F60230A2D /* [CP] Embed Pods Frameworks */ = {
			isa = PBXShellScriptBuildPhase;
			buildActionMask = 2147483647;
			files = (
			);
			inputPaths = (
			);
			name = "[CP] Embed Pods Frameworks";
			outputPaths = (
			);
			runOnlyForDeploymentPostprocessing = 0;
			shellPath = /bin/sh;
			shellScript = "\"${SRCROOT}/Pods/Target Support Files/Pods-CodeconomyTests/Pods-CodeconomyTests-frameworks.sh\"\n";
			showEnvVarsInLog = 0;
		};
/* End PBXShellScriptBuildPhase section */

/* Begin PBXSourcesBuildPhase section */
		3DE3CD241E47D8BB007EEC70 /* Sources */ = {
			isa = PBXSourcesBuildPhase;
			buildActionMask = 2147483647;
			files = (
				3D5EB5091E5105BB00E67C91 /* Util.m in Sources */,
				3D5EB50C1E51078B00E67C91 /* ProfileTile.m in Sources */,
				3DE3CD331E47D8BB007EEC70 /* ExploreViewController.m in Sources */,
				3DE3CD301E47D8BB007EEC70 /* AppDelegate.m in Sources */,
				3D5EB5041E50FE3A00E67C91 /* ProfileViewController.m in Sources */,
				3DE3CD2D1E47D8BB007EEC70 /* main.m in Sources */,
			);
			runOnlyForDeploymentPostprocessing = 0;
		};
		3DE3CD3D1E47D8BB007EEC70 /* Sources */ = {
			isa = PBXSourcesBuildPhase;
			buildActionMask = 2147483647;
			files = (
				3DE3CD461E47D8BB007EEC70 /* CodeconomyTests.m in Sources */,
			);
			runOnlyForDeploymentPostprocessing = 0;
		};
		3DE3CD481E47D8BB007EEC70 /* Sources */ = {
			isa = PBXSourcesBuildPhase;
			buildActionMask = 2147483647;
			files = (
				3DE3CD511E47D8BB007EEC70 /* CodeconomyUITests.m in Sources */,
			);
			runOnlyForDeploymentPostprocessing = 0;
		};
/* End PBXSourcesBuildPhase section */

/* Begin PBXTargetDependency section */
		3DE3CD431E47D8BB007EEC70 /* PBXTargetDependency */ = {
			isa = PBXTargetDependency;
			target = 3DE3CD271E47D8BB007EEC70 /* Codeconomy */;
			targetProxy = 3DE3CD421E47D8BB007EEC70 /* PBXContainerItemProxy */;
		};
		3DE3CD4E1E47D8BB007EEC70 /* PBXTargetDependency */ = {
			isa = PBXTargetDependency;
			target = 3DE3CD271E47D8BB007EEC70 /* Codeconomy */;
			targetProxy = 3DE3CD4D1E47D8BB007EEC70 /* PBXContainerItemProxy */;
		};
/* End PBXTargetDependency section */

/* Begin PBXVariantGroup section */
		3DE3CD391E47D8BB007EEC70 /* LaunchScreen.storyboard */ = {
			isa = PBXVariantGroup;
			children = (
				3DE3CD3A1E47D8BB007EEC70 /* Base */,
			);
			name = LaunchScreen.storyboard;
			sourceTree = "<group>";
		};
/* End PBXVariantGroup section */

/* Begin XCBuildConfiguration section */
		3DE3CD531E47D8BB007EEC70 /* Debug */ = {
			isa = XCBuildConfiguration;
			buildSettings = {
				ALWAYS_SEARCH_USER_PATHS = NO;
				CLANG_ANALYZER_NONNULL = YES;
				CLANG_CXX_LANGUAGE_STANDARD = "gnu++0x";
				CLANG_CXX_LIBRARY = "libc++";
				CLANG_ENABLE_MODULES = YES;
				CLANG_ENABLE_OBJC_ARC = YES;
				CLANG_WARN_BOOL_CONVERSION = YES;
				CLANG_WARN_CONSTANT_CONVERSION = YES;
				CLANG_WARN_DIRECT_OBJC_ISA_USAGE = YES_ERROR;
				CLANG_WARN_EMPTY_BODY = YES;
				CLANG_WARN_ENUM_CONVERSION = YES;
				CLANG_WARN_INT_CONVERSION = YES;
				CLANG_WARN_OBJC_ROOT_CLASS = YES_ERROR;
				CLANG_WARN_UNREACHABLE_CODE = YES;
				CLANG_WARN__DUPLICATE_METHOD_MATCH = YES;
				"CODE_SIGN_IDENTITY[sdk=iphoneos*]" = "iPhone Developer";
				COPY_PHASE_STRIP = NO;
				DEBUG_INFORMATION_FORMAT = dwarf;
				ENABLE_STRICT_OBJC_MSGSEND = YES;
				ENABLE_TESTABILITY = YES;
				GCC_C_LANGUAGE_STANDARD = gnu99;
				GCC_DYNAMIC_NO_PIC = NO;
				GCC_NO_COMMON_BLOCKS = YES;
				GCC_OPTIMIZATION_LEVEL = 0;
				GCC_PREPROCESSOR_DEFINITIONS = (
					"DEBUG=1",
					"$(inherited)",
				);
				GCC_WARN_64_TO_32_BIT_CONVERSION = YES;
				GCC_WARN_ABOUT_RETURN_TYPE = YES_ERROR;
				GCC_WARN_UNDECLARED_SELECTOR = YES;
				GCC_WARN_UNINITIALIZED_AUTOS = YES_AGGRESSIVE;
				GCC_WARN_UNUSED_FUNCTION = YES;
				GCC_WARN_UNUSED_VARIABLE = YES;
				IPHONEOS_DEPLOYMENT_TARGET = 9.3;
				MTL_ENABLE_DEBUG_INFO = YES;
				ONLY_ACTIVE_ARCH = YES;
				SDKROOT = iphoneos;
			};
			name = Debug;
		};
		3DE3CD541E47D8BB007EEC70 /* Release */ = {
			isa = XCBuildConfiguration;
			buildSettings = {
				ALWAYS_SEARCH_USER_PATHS = NO;
				CLANG_ANALYZER_NONNULL = YES;
				CLANG_CXX_LANGUAGE_STANDARD = "gnu++0x";
				CLANG_CXX_LIBRARY = "libc++";
				CLANG_ENABLE_MODULES = YES;
				CLANG_ENABLE_OBJC_ARC = YES;
				CLANG_WARN_BOOL_CONVERSION = YES;
				CLANG_WARN_CONSTANT_CONVERSION = YES;
				CLANG_WARN_DIRECT_OBJC_ISA_USAGE = YES_ERROR;
				CLANG_WARN_EMPTY_BODY = YES;
				CLANG_WARN_ENUM_CONVERSION = YES;
				CLANG_WARN_INT_CONVERSION = YES;
				CLANG_WARN_OBJC_ROOT_CLASS = YES_ERROR;
				CLANG_WARN_UNREACHABLE_CODE = YES;
				CLANG_WARN__DUPLICATE_METHOD_MATCH = YES;
				"CODE_SIGN_IDENTITY[sdk=iphoneos*]" = "iPhone Developer";
				COPY_PHASE_STRIP = NO;
				DEBUG_INFORMATION_FORMAT = "dwarf-with-dsym";
				ENABLE_NS_ASSERTIONS = NO;
				ENABLE_STRICT_OBJC_MSGSEND = YES;
				GCC_C_LANGUAGE_STANDARD = gnu99;
				GCC_NO_COMMON_BLOCKS = YES;
				GCC_WARN_64_TO_32_BIT_CONVERSION = YES;
				GCC_WARN_ABOUT_RETURN_TYPE = YES_ERROR;
				GCC_WARN_UNDECLARED_SELECTOR = YES;
				GCC_WARN_UNINITIALIZED_AUTOS = YES_AGGRESSIVE;
				GCC_WARN_UNUSED_FUNCTION = YES;
				GCC_WARN_UNUSED_VARIABLE = YES;
				IPHONEOS_DEPLOYMENT_TARGET = 9.3;
				MTL_ENABLE_DEBUG_INFO = NO;
				SDKROOT = iphoneos;
				VALIDATE_PRODUCT = YES;
			};
			name = Release;
		};
		3DE3CD561E47D8BB007EEC70 /* Debug */ = {
			isa = XCBuildConfiguration;
			baseConfigurationReference = 19D902E1EB4A817DD6278DF0 /* Pods-Codeconomy.debug.xcconfig */;
			buildSettings = {
				ASSETCATALOG_COMPILER_APPICON_NAME = AppIcon;
				INFOPLIST_FILE = Codeconomy/Info.plist;
				LD_RUNPATH_SEARCH_PATHS = "$(inherited) @executable_path/Frameworks";
				PRODUCT_BUNDLE_IDENTIFIER = Stanford.Codeconomy;
				PRODUCT_NAME = "$(TARGET_NAME)";
			};
			name = Debug;
		};
		3DE3CD571E47D8BB007EEC70 /* Release */ = {
			isa = XCBuildConfiguration;
			baseConfigurationReference = F59145BBC6B9DD770C00BA04 /* Pods-Codeconomy.release.xcconfig */;
			buildSettings = {
				ASSETCATALOG_COMPILER_APPICON_NAME = AppIcon;
				INFOPLIST_FILE = Codeconomy/Info.plist;
				LD_RUNPATH_SEARCH_PATHS = "$(inherited) @executable_path/Frameworks";
				PRODUCT_BUNDLE_IDENTIFIER = Stanford.Codeconomy;
				PRODUCT_NAME = "$(TARGET_NAME)";
			};
			name = Release;
		};
		3DE3CD591E47D8BB007EEC70 /* Debug */ = {
			isa = XCBuildConfiguration;
			baseConfigurationReference = EC961AC81802BD29514D71D4 /* Pods-CodeconomyTests.debug.xcconfig */;
			buildSettings = {
				BUNDLE_LOADER = "$(TEST_HOST)";
				INFOPLIST_FILE = CodeconomyTests/Info.plist;
				LD_RUNPATH_SEARCH_PATHS = "$(inherited) @executable_path/Frameworks @loader_path/Frameworks";
				PRODUCT_BUNDLE_IDENTIFIER = Stanford.CodeconomyTests;
				PRODUCT_NAME = "$(TARGET_NAME)";
				TEST_HOST = "$(BUILT_PRODUCTS_DIR)/Codeconomy.app/Codeconomy";
			};
			name = Debug;
		};
		3DE3CD5A1E47D8BB007EEC70 /* Release */ = {
			isa = XCBuildConfiguration;
			baseConfigurationReference = 5F66D1A68C6DE95F8FA13750 /* Pods-CodeconomyTests.release.xcconfig */;
			buildSettings = {
				BUNDLE_LOADER = "$(TEST_HOST)";
				INFOPLIST_FILE = CodeconomyTests/Info.plist;
				LD_RUNPATH_SEARCH_PATHS = "$(inherited) @executable_path/Frameworks @loader_path/Frameworks";
				PRODUCT_BUNDLE_IDENTIFIER = Stanford.CodeconomyTests;
				PRODUCT_NAME = "$(TARGET_NAME)";
				TEST_HOST = "$(BUILT_PRODUCTS_DIR)/Codeconomy.app/Codeconomy";
			};
			name = Release;
		};
		3DE3CD5C1E47D8BB007EEC70 /* Debug */ = {
			isa = XCBuildConfiguration;
			baseConfigurationReference = B2D2A2AE31CBA31A735C5F92 /* Pods-CodeconomyUITests.debug.xcconfig */;
			buildSettings = {
				INFOPLIST_FILE = CodeconomyUITests/Info.plist;
				LD_RUNPATH_SEARCH_PATHS = "$(inherited) @executable_path/Frameworks @loader_path/Frameworks";
				PRODUCT_BUNDLE_IDENTIFIER = Stanford.CodeconomyUITests;
				PRODUCT_NAME = "$(TARGET_NAME)";
				TEST_TARGET_NAME = Codeconomy;
			};
			name = Debug;
		};
		3DE3CD5D1E47D8BB007EEC70 /* Release */ = {
			isa = XCBuildConfiguration;
			baseConfigurationReference = 8DA1266931BD3FC4F602132A /* Pods-CodeconomyUITests.release.xcconfig */;
			buildSettings = {
				INFOPLIST_FILE = CodeconomyUITests/Info.plist;
				LD_RUNPATH_SEARCH_PATHS = "$(inherited) @executable_path/Frameworks @loader_path/Frameworks";
				PRODUCT_BUNDLE_IDENTIFIER = Stanford.CodeconomyUITests;
				PRODUCT_NAME = "$(TARGET_NAME)";
				TEST_TARGET_NAME = Codeconomy;
			};
			name = Release;
		};
/* End XCBuildConfiguration section */

/* Begin XCConfigurationList section */
		3DE3CD231E47D8BB007EEC70 /* Build configuration list for PBXProject "Codeconomy" */ = {
			isa = XCConfigurationList;
			buildConfigurations = (
				3DE3CD531E47D8BB007EEC70 /* Debug */,
				3DE3CD541E47D8BB007EEC70 /* Release */,
			);
			defaultConfigurationIsVisible = 0;
			defaultConfigurationName = Release;
		};
		3DE3CD551E47D8BB007EEC70 /* Build configuration list for PBXNativeTarget "Codeconomy" */ = {
			isa = XCConfigurationList;
			buildConfigurations = (
				3DE3CD561E47D8BB007EEC70 /* Debug */,
				3DE3CD571E47D8BB007EEC70 /* Release */,
			);
			defaultConfigurationIsVisible = 0;
			defaultConfigurationName = Release;
		};
		3DE3CD581E47D8BB007EEC70 /* Build configuration list for PBXNativeTarget "CodeconomyTests" */ = {
			isa = XCConfigurationList;
			buildConfigurations = (
				3DE3CD591E47D8BB007EEC70 /* Debug */,
				3DE3CD5A1E47D8BB007EEC70 /* Release */,
			);
			defaultConfigurationIsVisible = 0;
			defaultConfigurationName = Release;
		};
		3DE3CD5B1E47D8BB007EEC70 /* Build configuration list for PBXNativeTarget "CodeconomyUITests" */ = {
			isa = XCConfigurationList;
			buildConfigurations = (
				3DE3CD5C1E47D8BB007EEC70 /* Debug */,
				3DE3CD5D1E47D8BB007EEC70 /* Release */,
			);
			defaultConfigurationIsVisible = 0;
			defaultConfigurationName = Release;
		};
/* End XCConfigurationList section */
	};
	rootObject = 3DE3CD201E47D8BB007EEC70 /* Project object */;
}
